<?xml version="1.0" encoding="utf-8"?>
<Project ToolsVersion="4.0" xmlns="http://schemas.microsoft.com/developer/msbuild/2003">
  <ItemGroup>
    <Filter Include="헤더 파일">
      <UniqueIdentifier>{93995380-89BD-4b04-88EB-625FBE52EBFB}</UniqueIdentifier>
      <Extensions>h;hh;hpp;hxx;h++;hm;inl;inc;ipp;xsd</Extensions>
    </Filter>
    <Filter Include="리소스 파일">
      <UniqueIdentifier>{67DA6AB6-F800-4c08-8B7A-83BB121AAD01}</UniqueIdentifier>
      <Extensions>rc;ico;cur;bmp;dlg;rc2;rct;bin;rgs;gif;jpg;jpeg;jpe;resx;tiff;tif;png;wav;mfcribbon-ms</Extensions>
    </Filter>
    <Filter Include="소스 파일">
      <UniqueIdentifier>{4FC737F1-C7A5-4376-A066-2A32D752A2FF}</UniqueIdentifier>
      <Extensions>cpp;c;cc;cxx;c++;cppm;ixx;def;odl;idl;hpj;bat;asm;asmx</Extensions>
    </Filter>
  </ItemGroup>
  <ItemGroup>
    <ClCompile Include="intro.c">
      <Filter>소스 파일</Filter>
    </ClCompile>
    <ClCompile Include="board.c">
      <Filter>소스 파일</Filter>
    </ClCompile>
    <ClCompile Include="level.c">
      <Filter>소스 파일</Filter>
    </ClCompile>
  </ItemGroup>
  <ItemGroup>
    <ClInclude Include="board.h">
      <Filter>헤더 파일</Filter>
    </ClInclude>
    <ClInclude Include="Level.h">
      <Filter>헤더 파일</Filter>
    </ClInclude>
  </ItemGroup>
  <ItemGroup>
    <Text Include="difficult.txt">
      <Filter>리소스 파일</Filter>
    </Text>
    <Text Include="difficultanswer.txt">
      <Filter>리소스 파일</Filter>
    </Text>
    <Text Include="medium.txt">
      <Filter>리소스 파일</Filter>
    </Text>
    <Text Include="mediumanswer.txt">
      <Filter>리소스 파일</Filter>
    </Text>
    <Text Include="veryverydifficult.txt">
      <Filter>리소스 파일</Filter>
    </Text>
    <Text Include="veryverydifficultanswer.txt">
      <Filter>리소스 파일</Filter>
    </Text>
    <Text Include="first.txt">
      <Filter>리소스 파일</Filter>
    </Text>
    <Text Include="firstanswer.txt">
      <Filter>리소스 파일</Filter>
    </Text>
    <Text Include="second.txt">
      <Filter>리소스 파일</Filter>
    </Text>
    <Text Include="secondanswer.txt">
      <Filter>리소스 파일</Filter>
    </Text>
    <Text Include="first1.txt">
      <Filter>리소스 파일</Filter>
    </Text>
    <Text Include="first1answer.txt">
      <Filter>리소스 파일</Filter>
    </Text>
    <Text Include="second2.txt">
      <Filter>리소스 파일</Filter>
    </Text>
    <Text Include="second2answer.txt">
      <Filter>리소스 파일</Filter>
    </Text>
    <Text Include="first2.txt">
      <Filter>리소스 파일</Filter>
    </Text>
    <Text Include="first2answer.txt">
      <Filter>리소스 파일</Filter>
    </Text>
    <Text Include="first3.txt">
      <Filter>리소스 파일</Filter>
    </Text>
    <Text Include="first3answer.txt">
      <Filter>리소스 파일</Filter>
    </Text>
    <Text Include="second3.txt">
      <Filter>리소스 파일</Filter>
    </Text>
    <Text Include="second3answer.txt">
      <Filter>리소스 파일</Filter>
    </Text>
    <Text Include="medium1.txt">
      <Filter>리소스 파일</Filter>
    </Text>
    <Text Include="medium1nswer.txt">
      <Filter>리소스 파일</Filter>
    </Text>
    <Text Include="medium2.txt">
      <Filter>리소스 파일</Filter>
    </Text>
    <Text Include="medium2answer.txt">
      <Filter>리소스 파일</Filter>
    </Text>
    <Text Include="difficult1.txt">
      <Filter>리소스 파일</Filter>
    </Text>
    <Text Include="difficult1answer.txt">
      <Filter>리소스 파일</Filter>
    </Text>
    <Text Include="difficult2.txt">
      <Filter>리소스 파일</Filter>
    </Text>
    <Text Include="difficult2answer.txt">
      <Filter>리소스 파일</Filter>
    </Text>
    <Text Include="very1.txt">
      <Filter>리소스 파일</Filter>
    </Text>
    <Text Include="very1answer.txt">
      <Filter>리소스 파일</Filter>
    </Text>
    <Text Include="very2.txt">
      <Filter>리소스 파일</Filter>
    </Text>
    <Text Include="very2answer.txt">
      <Filter>리소스 파일</Filter>
    </Text>
  </ItemGroup>
</Project>